
Microsoft Visual Studio Solution File, Format Version 12.00
# Visual Studio Version 17
VisualStudioVersion = 17.14.36212.18 d17.14
MinimumVisualStudioVersion = 10.0.40219.1
Project("{FAE04EC0-301F-11D3-BF4B-00C04F79EFBC}") = "Cast-Stone-api", "Cast-Stone-api.csproj", "{80BBD0B6-5887-4A5F-81C9-7E3E54ECCE57}"
EndProject
Global
	GlobalSection(SolutionConfigurationPlatforms) = preSolution
		Debug|Any CPU = Debug|Any CPU
		Release|Any CPU = Release|Any CPU
	EndGlobalSection
	GlobalSection(ProjectConfigurationPlatforms) = postSolution
		{80BBD0B6-5887-4A5F-81C9-7E3E54ECCE57}.Debug|Any CPU.ActiveCfg = Debug|Any CPU
		{80BBD0B6-5887-4A5F-81C9-7E3E54ECCE57}.Debug|Any CPU.Build.0 = Debug|Any CPU
		{80BBD0B6-5887-4A5F-81C9-7E3E54ECCE57}.Release|Any CPU.ActiveCfg = Release|Any CPU
		{80BBD0B6-5887-4A5F-81C9-7E3E54ECCE57}.Release|Any CPU.Build.0 = Release|Any CPU
	EndGlobalSection
	GlobalSection(SolutionProperties) = preSolution
		HideSolutionNode = FALSE
	EndGlobalSection
	GlobalSection(ExtensibilityGlobals) = postSolution
		SolutionGuid = {3BDDC797-4F20-4A21-8AE0-FDB7738D64E9}
	EndGlobalSection
EndGlobal
